
Microsoft Visual Studio Solution File, Format Version 12.00
# Visual Studio Version 16
VisualStudioVersion = 16.0.30804.86
MinimumVisualStudioVersion = 10.0.40219.1
Project("{FAE04EC0-301F-11D3-BF4B-00C04F79EFBC}") = "Core", "Core\Core.csproj", "{00BBA89B-4BFC-44C6-B549-D852247F2FF5}"
EndProject
Project("{FAE04EC0-301F-11D3-BF4B-00C04F79EFBC}") = "DataAccess", "DataAccess\DataAccess.csproj", "{BF78DE93-7C02-478F-944D-6BD018CE9829}"
EndProject
Project("{FAE04EC0-301F-11D3-BF4B-00C04F79EFBC}") = "Business", "Business\Business.csproj", "{C7732029-7BEC-4ED5-9AA4-BB1C55BBADCC}"
EndProject
Project("{FAE04EC0-301F-11D3-BF4B-00C04F79EFBC}") = "MvcWebUI", "MvcWebUI\MvcWebUI.csproj", "{69914EBB-E44D-4506-A1C2-13C678E4F148}"
EndProject
Project("{FAE04EC0-301F-11D3-BF4B-00C04F79EFBC}") = "WebAPI", "WebAPI\WebAPI.csproj", "{05365A6A-37BC-42B3-A9A1-3CBB23CA52A2}"
EndProject
Global
	GlobalSection(SolutionConfigurationPlatforms) = preSolution
		Debug|Any CPU = Debug|Any CPU
		Release|Any CPU = Release|Any CPU
	EndGlobalSection
	GlobalSection(ProjectConfigurationPlatforms) = postSolution
		{00BBA89B-4BFC-44C6-B549-D852247F2FF5}.Debug|Any CPU.ActiveCfg = Debug|Any CPU
		{00BBA89B-4BFC-44C6-B549-D852247F2FF5}.Debug|Any CPU.Build.0 = Debug|Any CPU
		{00BBA89B-4BFC-44C6-B549-D852247F2FF5}.Release|Any CPU.ActiveCfg = Release|Any CPU
		{00BBA89B-4BFC-44C6-B549-D852247F2FF5}.Release|Any CPU.Build.0 = Release|Any CPU
		{BF78DE93-7C02-478F-944D-6BD018CE9829}.Debug|Any CPU.ActiveCfg = Debug|Any CPU
		{BF78DE93-7C02-478F-944D-6BD018CE9829}.Debug|Any CPU.Build.0 = Debug|Any CPU
		{BF78DE93-7C02-478F-944D-6BD018CE9829}.Release|Any CPU.ActiveCfg = Release|Any CPU
		{BF78DE93-7C02-478F-944D-6BD018CE9829}.Release|Any CPU.Build.0 = Release|Any CPU
		{C7732029-7BEC-4ED5-9AA4-BB1C55BBADCC}.Debug|Any CPU.ActiveCfg = Debug|Any CPU
		{C7732029-7BEC-4ED5-9AA4-BB1C55BBADCC}.Debug|Any CPU.Build.0 = Debug|Any CPU
		{C7732029-7BEC-4ED5-9AA4-BB1C55BBADCC}.Release|Any CPU.ActiveCfg = Release|Any CPU
		{C7732029-7BEC-4ED5-9AA4-BB1C55BBADCC}.Release|Any CPU.Build.0 = Release|Any CPU
		{69914EBB-E44D-4506-A1C2-13C678E4F148}.Debug|Any CPU.ActiveCfg = Debug|Any CPU
		{69914EBB-E44D-4506-A1C2-13C678E4F148}.Debug|Any CPU.Build.0 = Debug|Any CPU
		{69914EBB-E44D-4506-A1C2-13C678E4F148}.Release|Any CPU.ActiveCfg = Release|Any CPU
		{69914EBB-E44D-4506-A1C2-13C678E4F148}.Release|Any CPU.Build.0 = Release|Any CPU
		{05365A6A-37BC-42B3-A9A1-3CBB23CA52A2}.Debug|Any CPU.ActiveCfg = Debug|Any CPU
		{05365A6A-37BC-42B3-A9A1-3CBB23CA52A2}.Debug|Any CPU.Build.0 = Debug|Any CPU
		{05365A6A-37BC-42B3-A9A1-3CBB23CA52A2}.Release|Any CPU.ActiveCfg = Release|Any CPU
		{05365A6A-37BC-42B3-A9A1-3CBB23CA52A2}.Release|Any CPU.Build.0 = Release|Any CPU
	EndGlobalSection
	GlobalSection(SolutionProperties) = preSolution
		HideSolutionNode = FALSE
	EndGlobalSection
	GlobalSection(ExtensibilityGlobals) = postSolution
		SolutionGuid = {AA14F44D-1D26-4169-82FC-C6B707C658FB}
	EndGlobalSection
EndGlobal
